
Microsoft Visual Studio Solution File, Format Version 12.00
# Visual Studio Version 16
VisualStudioVersion = 16.0.31911.196
MinimumVisualStudioVersion = 10.0.40219.1
Project("{FAE04EC0-301F-11D3-BF4B-00C04F79EFBC}") = "API", "API\API.csproj", "{0BAC5786-8B1D-49AD-9E2F-4A923F5F37AE}"
EndProject
Project("{FAE04EC0-301F-11D3-BF4B-00C04F79EFBC}") = "Core", "Core\Core.csproj", "{90810192-875A-4A68-8284-905DFF14E875}"
EndProject
Project("{FAE04EC0-301F-11D3-BF4B-00C04F79EFBC}") = "Infrastructure", "Infrastructure\Infrastructure.csproj", "{7E8D609B-6677-4EEB-BA56-34B8A7C048A1}"
EndProject
Global
	GlobalSection(SolutionConfigurationPlatforms) = preSolution
		Debug|Any CPU = Debug|Any CPU
		Release|Any CPU = Release|Any CPU
	EndGlobalSection
	GlobalSection(ProjectConfigurationPlatforms) = postSolution
		{0BAC5786-8B1D-49AD-9E2F-4A923F5F37AE}.Debug|Any CPU.ActiveCfg = Debug|Any CPU
		{0BAC5786-8B1D-49AD-9E2F-4A923F5F37AE}.Debug|Any CPU.Build.0 = Debug|Any CPU
		{0BAC5786-8B1D-49AD-9E2F-4A923F5F37AE}.Release|Any CPU.ActiveCfg = Release|Any CPU
		{0BAC5786-8B1D-49AD-9E2F-4A923F5F37AE}.Release|Any CPU.Build.0 = Release|Any CPU
		{90810192-875A-4A68-8284-905DFF14E875}.Debug|Any CPU.ActiveCfg = Debug|Any CPU
		{90810192-875A-4A68-8284-905DFF14E875}.Debug|Any CPU.Build.0 = Debug|Any CPU
		{90810192-875A-4A68-8284-905DFF14E875}.Release|Any CPU.ActiveCfg = Release|Any CPU
		{90810192-875A-4A68-8284-905DFF14E875}.Release|Any CPU.Build.0 = Release|Any CPU
		{7E8D609B-6677-4EEB-BA56-34B8A7C048A1}.Debug|Any CPU.ActiveCfg = Debug|Any CPU
		{7E8D609B-6677-4EEB-BA56-34B8A7C048A1}.Debug|Any CPU.Build.0 = Debug|Any CPU
		{7E8D609B-6677-4EEB-BA56-34B8A7C048A1}.Release|Any CPU.ActiveCfg = Release|Any CPU
		{7E8D609B-6677-4EEB-BA56-34B8A7C048A1}.Release|Any CPU.Build.0 = Release|Any CPU
	EndGlobalSection
	GlobalSection(SolutionProperties) = preSolution
		HideSolutionNode = FALSE
	EndGlobalSection
	GlobalSection(ExtensibilityGlobals) = postSolution
		SolutionGuid = {35C34CE2-C0C7-44DD-82A4-93AD4D44DDE3}
	EndGlobalSection
EndGlobal
